schema: '2.0'
stages:
  data_cleaning:
    cmd: python data_cleaning.py
    deps:
    - path: data/Music Info.csv
      hash: md5
      md5: e63b74919a3cdada5c804df4666391c9
      size: 14985870
    - path: data_cleaning.py
      hash: md5
      md5: 8614f7540a6e4a29437cc09478c85c1f
      size: 2075
    outs:
    - path: data/cleaned_data.csv
      hash: md5
      md5: 7fbb771c077fdaea5e7a04d1bed27d6e
      size: 13661498
  transform_data:
    cmd: python content_based_filtering.py
    deps:
    - path: content_based_filtering.py
      hash: md5
      md5: 4ebb13ab013b55ab6ef123b1d4c38daa
      size: 6038
    - path: data/cleaned_data.csv
      hash: md5
      md5: 7fbb771c077fdaea5e7a04d1bed27d6e
      size: 13661498
    - path: data_cleaning.py
      hash: md5
      md5: 8614f7540a6e4a29437cc09478c85c1f
      size: 2075
    outs:
    - path: data/transformed_data.npz
      hash: md5
      md5: 1c4cccef25d66f21815668deb6d0e871
      size: 4523484
    - path: transformer.joblib
      hash: md5
      md5: dfa71805116fdf740458a5d153bfce1b
      size: 193566
  interaction_data:
    cmd: python collaborative_filtering.py
    deps:
    - path: collaborative_filtering.py
      hash: md5
      md5: 4b770ead81fc92eccd66c303eee03f92
      size: 5446
    - path: data/User Listening History.csv
      hash: md5
      md5: 3a12e713844195171c7040c051d6d4ae
      size: 602515573
    - path: data/cleaned_data.csv
      hash: md5
      md5: 7fbb771c077fdaea5e7a04d1bed27d6e
      size: 13661498
    outs:
    - path: data/collab_filtered_data.csv
      hash: md5
      md5: 84803c328fa4a48034e534465d70b04a
      size: 8230000
    - path: data/interaction_matrix.npz
      hash: md5
      md5: 4bfb0e3c09377c213e1a32d13264400c
      size: 32311353
    - path: data/track_ids.npy
      hash: md5
      md5: 1a83b610e7d7fb22e73b37575fe794b9
      size: 852472
  transformed_filtered_data:
    cmd: python transform_filtered_data.py
    deps:
    - path: data/collab_filtered_data.csv
      hash: md5
      md5: 84803c328fa4a48034e534465d70b04a
      size: 8230000
    - path: transform_filtered_data.py
      hash: md5
      md5: 813e84634a0c839201607830c1bffda3
      size: 852
    outs:
    - path: data/transformed_hybrid_data.npz
      hash: md5
      md5: 697028aa40ba27bb6d3fb86df8e75e12
      size: 2977329
