schema: '2.0'
stages:
  data_cleaning:
    cmd: python data_cleaning.py
    deps:
    - path: data/Music Info.csv
      hash: md5
      md5: e63b74919a3cdada5c804df4666391c9
      size: 14985870
    - path: data_cleaning.py
      hash: md5
      md5: 179d34058096fe9d53fc1a894e2be1f2
      size: 2005
    outs:
    - path: data/cleaned_data.csv
      hash: md5
      md5: 617eeae80f7d95ecff53dc573bccb472
      size: 13658961
