schema: '2.0'
stages:
  data_cleaning:
    cmd: python data_cleaning.py
    deps:
    - path: data/Music Info.csv
      hash: md5
      md5: e63b74919a3cdada5c804df4666391c9
      size: 14985870
    - path: data_cleaning.py
      hash: md5
      md5: 179d34058096fe9d53fc1a894e2be1f2
      size: 2005
    outs:
    - path: data/cleaned_data.csv
      hash: md5
      md5: 617eeae80f7d95ecff53dc573bccb472
      size: 13658961
  transform_data:
    cmd: python content_based_filtering.py
    deps:
    - path: content_based_filtering.py
      hash: md5
      md5: 4ebb13ab013b55ab6ef123b1d4c38daa
      size: 6038
    - path: data/cleaned_data.csv
      hash: md5
      md5: 617eeae80f7d95ecff53dc573bccb472
      size: 13658961
    - path: data_cleaning.py
      hash: md5
      md5: 179d34058096fe9d53fc1a894e2be1f2
      size: 2005
    outs:
    - path: data/transformed_data.npz
      hash: md5
      md5: c835ad35a4c40b492e93c91d9899f533
      size: 4522796
    - path: transformer.joblib
      hash: md5
      md5: f1d52b055e279388b7f615ffced1bfe3
      size: 193566
  interaction_data:
    cmd: python collaborative_filtering.py
    deps:
    - path: collaborative_filtering.py
      hash: md5
      md5: 2a17055ae2a6bed30581ee5b16427080
      size: 5288
    - path: data/User Listening History.csv
      hash: md5
      md5: 3a12e713844195171c7040c051d6d4ae
      size: 602515573
    - path: data/cleaned_data.csv
      hash: md5
      md5: 617eeae80f7d95ecff53dc573bccb472
      size: 13658961
    outs:
    - path: data/collab_filtered_data.csv
      hash: md5
      md5: 66f1ec2890a0582f004675e8cc176531
      size: 8229469
    - path: data/interaction_matrix.npz
      hash: md5
      md5: 4bfb0e3c09377c213e1a32d13264400c
      size: 32311353
    - path: data/track_ids.npy
      hash: md5
      md5: 1a83b610e7d7fb22e73b37575fe794b9
      size: 852472
